
Microsoft Visual Studio Solution File, Format Version 12.00
# Visual Studio Version 16
VisualStudioVersion = 16.0.30002.166
MinimumVisualStudioVersion = 10.0.40219.1
Project("{8BC9CEB8-8B4A-11D0-8D11-00A0C91BC942}") = "Top DownShotter", "Top DownShotter\Top DownShotter.vcxproj", "{C4DC0FFD-EAD5-401B-B0AD-0C641E0A7DE4}"
EndProject
Global
	GlobalSection(SolutionConfigurationPlatforms) = preSolution
		Debug|x64 = Debug|x64
		Debug|x86 = Debug|x86
		Release|x64 = Release|x64
		Release|x86 = Release|x86
	EndGlobalSection
	GlobalSection(ProjectConfigurationPlatforms) = postSolution
		{C4DC0FFD-EAD5-401B-B0AD-0C641E0A7DE4}.Debug|x64.ActiveCfg = Debug|x64
		{C4DC0FFD-EAD5-401B-B0AD-0C641E0A7DE4}.Debug|x64.Build.0 = Debug|x64
		{C4DC0FFD-EAD5-401B-B0AD-0C641E0A7DE4}.Debug|x86.ActiveCfg = Debug|Win32
		{C4DC0FFD-EAD5-401B-B0AD-0C641E0A7DE4}.Debug|x86.Build.0 = Debug|Win32
		{C4DC0FFD-EAD5-401B-B0AD-0C641E0A7DE4}.Release|x64.ActiveCfg = Release|x64
		{C4DC0FFD-EAD5-401B-B0AD-0C641E0A7DE4}.Release|x64.Build.0 = Release|x64
		{C4DC0FFD-EAD5-401B-B0AD-0C641E0A7DE4}.Release|x86.ActiveCfg = Release|Win32
		{C4DC0FFD-EAD5-401B-B0AD-0C641E0A7DE4}.Release|x86.Build.0 = Release|Win32
	EndGlobalSection
	GlobalSection(SolutionProperties) = preSolution
		HideSolutionNode = FALSE
	EndGlobalSection
	GlobalSection(ExtensibilityGlobals) = postSolution
		SolutionGuid = {1BAA3654-AC9B-4E47-BF6D-A18B0778B0FE}
	EndGlobalSection
EndGlobal
