
Microsoft Visual Studio Solution File, Format Version 12.00
# Visual Studio Version 16
VisualStudioVersion = 16.0.30002.166
MinimumVisualStudioVersion = 10.0.40219.1
Project("{8BC9CEB8-8B4A-11D0-8D11-00A0C91BC942}") = "3D Graphics Engine", "3D Graphics Engine\3D Graphics Engine.vcxproj", "{CAC2C2A0-ABA3-423C-9AB4-05931AFBF5B9}"
EndProject
Global
	GlobalSection(SolutionConfigurationPlatforms) = preSolution
		Debug|x64 = Debug|x64
		Debug|x86 = Debug|x86
		Release|x64 = Release|x64
		Release|x86 = Release|x86
	EndGlobalSection
	GlobalSection(ProjectConfigurationPlatforms) = postSolution
		{CAC2C2A0-ABA3-423C-9AB4-05931AFBF5B9}.Debug|x64.ActiveCfg = Debug|x64
		{CAC2C2A0-ABA3-423C-9AB4-05931AFBF5B9}.Debug|x64.Build.0 = Debug|x64
		{CAC2C2A0-ABA3-423C-9AB4-05931AFBF5B9}.Debug|x86.ActiveCfg = Debug|Win32
		{CAC2C2A0-ABA3-423C-9AB4-05931AFBF5B9}.Debug|x86.Build.0 = Debug|Win32
		{CAC2C2A0-ABA3-423C-9AB4-05931AFBF5B9}.Release|x64.ActiveCfg = Release|x64
		{CAC2C2A0-ABA3-423C-9AB4-05931AFBF5B9}.Release|x64.Build.0 = Release|x64
		{CAC2C2A0-ABA3-423C-9AB4-05931AFBF5B9}.Release|x86.ActiveCfg = Release|Win32
		{CAC2C2A0-ABA3-423C-9AB4-05931AFBF5B9}.Release|x86.Build.0 = Release|Win32
	EndGlobalSection
	GlobalSection(SolutionProperties) = preSolution
		HideSolutionNode = FALSE
	EndGlobalSection
	GlobalSection(ExtensibilityGlobals) = postSolution
		SolutionGuid = {3B2DF16A-6339-4285-8672-7F50A3AC43A1}
	EndGlobalSection
EndGlobal
